
Microsoft Visual Studio Solution File, Format Version 12.00
# Visual Studio Version 17
VisualStudioVersion = 17.8.34511.84
MinimumVisualStudioVersion = 10.0.40219.1
Project("{FAE04EC0-301F-11D3-BF4B-00C04F79EFBC}") = "6.1", "6.1\6.1.csproj", "{F9C5F552-25A2-4087-8B6B-0124AF44616D}"
EndProject
Project("{FAE04EC0-301F-11D3-BF4B-00C04F79EFBC}") = "6.2", "6.2\6.2.csproj", "{2C93CDD5-C5DB-42EB-A231-78EF49B2F0DB}"
EndProject
Project("{FAE04EC0-301F-11D3-BF4B-00C04F79EFBC}") = "6.3", "6.3\6.3.csproj", "{BB55855D-B018-4E29-B6BD-45A0CA32AAC9}"
EndProject
Global
	GlobalSection(SolutionConfigurationPlatforms) = preSolution
		Debug|Any CPU = Debug|Any CPU
		Release|Any CPU = Release|Any CPU
	EndGlobalSection
	GlobalSection(ProjectConfigurationPlatforms) = postSolution
		{F9C5F552-25A2-4087-8B6B-0124AF44616D}.Debug|Any CPU.ActiveCfg = Debug|Any CPU
		{F9C5F552-25A2-4087-8B6B-0124AF44616D}.Debug|Any CPU.Build.0 = Debug|Any CPU
		{F9C5F552-25A2-4087-8B6B-0124AF44616D}.Release|Any CPU.ActiveCfg = Release|Any CPU
		{F9C5F552-25A2-4087-8B6B-0124AF44616D}.Release|Any CPU.Build.0 = Release|Any CPU
		{2C93CDD5-C5DB-42EB-A231-78EF49B2F0DB}.Debug|Any CPU.ActiveCfg = Debug|Any CPU
		{2C93CDD5-C5DB-42EB-A231-78EF49B2F0DB}.Debug|Any CPU.Build.0 = Debug|Any CPU
		{2C93CDD5-C5DB-42EB-A231-78EF49B2F0DB}.Release|Any CPU.ActiveCfg = Release|Any CPU
		{2C93CDD5-C5DB-42EB-A231-78EF49B2F0DB}.Release|Any CPU.Build.0 = Release|Any CPU
		{BB55855D-B018-4E29-B6BD-45A0CA32AAC9}.Debug|Any CPU.ActiveCfg = Debug|Any CPU
		{BB55855D-B018-4E29-B6BD-45A0CA32AAC9}.Debug|Any CPU.Build.0 = Debug|Any CPU
		{BB55855D-B018-4E29-B6BD-45A0CA32AAC9}.Release|Any CPU.ActiveCfg = Release|Any CPU
		{BB55855D-B018-4E29-B6BD-45A0CA32AAC9}.Release|Any CPU.Build.0 = Release|Any CPU
	EndGlobalSection
	GlobalSection(SolutionProperties) = preSolution
		HideSolutionNode = FALSE
	EndGlobalSection
	GlobalSection(ExtensibilityGlobals) = postSolution
		SolutionGuid = {F3B71EE6-A30D-44C1-95FC-23A4AAFCAC87}
	EndGlobalSection
EndGlobal
